// !$*UTF8*$!
{
	archiveVersion = 1;
	classes = {
	};
	objectVersion = 56;
	objects = {

/* Begin PBXBuildFile section */
		2FDA4816296D262A0081FE2F /* AppDelegate.swift in Sources */ = {isa = PBXBuildFile; fileRef = 2FDA4815296D262A0081FE2F /* AppDelegate.swift */; };
		2FDA4818296D262A0081FE2F /* SceneDelegate.swift in Sources */ = {isa = PBXBuildFile; fileRef = 2FDA4817296D262A0081FE2F /* SceneDelegate.swift */; };
		2FDA481A296D262A0081FE2F /* ViewController.swift in Sources */ = {isa = PBXBuildFile; fileRef = 2FDA4819296D262A0081FE2F /* ViewController.swift */; };
		2FDA481D296D262A0081FE2F /* Main.storyboard in Resources */ = {isa = PBXBuildFile; fileRef = 2FDA481B296D262A0081FE2F /* Main.storyboard */; };
		2FDA481F296D262C0081FE2F /* Assets.xcassets in Resources */ = {isa = PBXBuildFile; fileRef = 2FDA481E296D262C0081FE2F /* Assets.xcassets */; };
		2FDA4822296D262C0081FE2F /* LaunchScreen.storyboard in Resources */ = {isa = PBXBuildFile; fileRef = 2FDA4820296D262C0081FE2F /* LaunchScreen.storyboard */; };
		2FDA482B296D281A0081FE2F /* OpenAISwift in Frameworks */ = {isa = PBXBuildFile; productRef = 2FDA482A296D281A0081FE2F /* OpenAISwift */; };
		2FDA4831296D2B640081FE2F /* AIHelper.swift in Sources */ = {isa = PBXBuildFile; fileRef = 2FDA4830296D2B640081FE2F /* AIHelper.swift */; };
/* End PBXBuildFile section */

/* Begin PBXFileReference section */
		2FDA4812296D262A0081FE2F /* AI Chat.app */ = {isa = PBXFileReference; explicitFileType = wrapper.application; includeInIndex = 0; path = "AI Chat.app"; sourceTree = BUILT_PRODUCTS_DIR; };
		2FDA4815296D262A0081FE2F /* AppDelegate.swift */ = {isa = PBXFileReference; lastKnownFileType = sourcecode.swift; path = AppDelegate.swift; sourceTree = "<group>"; };
		2FDA4817296D262A0081FE2F /* SceneDelegate.swift */ = {isa = PBXFileReference; lastKnownFileType = sourcecode.swift; path = SceneDelegate.swift; sourceTree = "<group>"; };
		2FDA4819296D262A0081FE2F /* ViewController.swift */ = {isa = PBXFileReference; lastKnownFileType = sourcecode.swift; path = ViewController.swift; sourceTree = "<group>"; };
		2FDA481C296D262A0081FE2F /* Base */ = {isa = PBXFileReference; lastKnownFileType = file.storyboard; name = Base; path = Base.lproj/Main.storyboard; sourceTree = "<group>"; };
		2FDA481E296D262C0081FE2F /* Assets.xcassets */ = {isa = PBXFileReference; lastKnownFileType = folder.assetcatalog; path = Assets.xcassets; sourceTree = "<group>"; };
		2FDA4821296D262C0081FE2F /* Base */ = {isa = PBXFileReference; lastKnownFileType = file.storyboard; name = Base; path = Base.lproj/LaunchScreen.storyboard; sourceTree = "<group>"; };
		2FDA4823296D262C0081FE2F /* Info.plist */ = {isa = PBXFileReference; lastKnownFileType = text.plist.xml; path = Info.plist; sourceTree = "<group>"; };
		2FDA4830296D2B640081FE2F /* AIHelper.swift */ = {isa = PBXFileReference; lastKnownFileType = sourcecode.swift; path = AIHelper.swift; sourceTree = "<group>"; };
/* End PBXFileReference section */

/* Begin PBXFrameworksBuildPhase section */
		2FDA480F296D262A0081FE2F /* Frameworks */ = {
			isa = PBXFrameworksBuildPhase;
			buildActionMask = 2147483647;
			files = (
				2FDA482B296D281A0081FE2F /* OpenAISwift in Frameworks */,
			);
			runOnlyForDeploymentPostprocessing = 0;
		};
/* End PBXFrameworksBuildPhase section */

/* Begin PBXGroup section */
		2FDA4809296D262A0081FE2F = {
			isa = PBXGroup;
			children = (
				2FDA4814296D262A0081FE2F /* AI Chat */,
				2FDA4813296D262A0081FE2F /* Products */,
			);
			sourceTree = "<group>";
		};
		2FDA4813296D262A0081FE2F /* Products */ = {
			isa = PBXGroup;
			children = (
				2FDA4812296D262A0081FE2F /* AI Chat.app */,
			);
			name = Products;
			sourceTree = "<group>";
		};
		2FDA4814296D262A0081FE2F /* AI Chat */ = {
			isa = PBXGroup;
			children = (
				2FDA4832296D3F6D0081FE2F /* Delegate Classes */,
				2FDA482E296D289F0081FE2F /* Utilities */,
				2FDA482D296D28950081FE2F /* Controller */,
				2FDA481B296D262A0081FE2F /* Main.storyboard */,
				2FDA481E296D262C0081FE2F /* Assets.xcassets */,
				2FDA4820296D262C0081FE2F /* LaunchScreen.storyboard */,
				2FDA4823296D262C0081FE2F /* Info.plist */,
			);
			path = "AI Chat";
			sourceTree = "<group>";
		};
		2FDA482D296D28950081FE2F /* Controller */ = {
			isa = PBXGroup;
			children = (
				2FDA4819296D262A0081FE2F /* ViewController.swift */,
			);
			path = Controller;
			sourceTree = "<group>";
		};
		2FDA482E296D289F0081FE2F /* Utilities */ = {
			isa = PBXGroup;
			children = (
				2FDA4830296D2B640081FE2F /* AIHelper.swift */,
			);
			path = Utilities;
			sourceTree = "<group>";
		};
		2FDA4832296D3F6D0081FE2F /* Delegate Classes */ = {
			isa = PBXGroup;
			children = (
				2FDA4815296D262A0081FE2F /* AppDelegate.swift */,
				2FDA4817296D262A0081FE2F /* SceneDelegate.swift */,
			);
			path = "Delegate Classes";
			sourceTree = "<group>";
		};
/* End PBXGroup section */

/* Begin PBXNativeTarget section */
		2FDA4811296D262A0081FE2F /* AI Chat */ = {
			isa = PBXNativeTarget;
			buildConfigurationList = 2FDA4826296D262C0081FE2F /* Build configuration list for PBXNativeTarget "AI Chat" */;
			buildPhases = (
				2FDA480E296D262A0081FE2F /* Sources */,
				2FDA480F296D262A0081FE2F /* Frameworks */,
				2FDA4810296D262A0081FE2F /* Resources */,
			);
			buildRules = (
			);
			dependencies = (
			);
			name = "AI Chat";
			packageProductDependencies = (
				2FDA482A296D281A0081FE2F /* OpenAISwift */,
			);
			productName = "AI Chat";
			productReference = 2FDA4812296D262A0081FE2F /* AI Chat.app */;
			productType = "com.apple.product-type.application";
		};
/* End PBXNativeTarget section */

/* Begin PBXProject section */
		2FDA480A296D262A0081FE2F /* Project object */ = {
			isa = PBXProject;
			attributes = {
				BuildIndependentTargetsInParallel = 1;
				LastSwiftUpdateCheck = 1420;
				LastUpgradeCheck = 1420;
				TargetAttributes = {
					2FDA4811296D262A0081FE2F = {
						CreatedOnToolsVersion = 14.2;
					};
				};
			};
			buildConfigurationList = 2FDA480D296D262A0081FE2F /* Build configuration list for PBXProject "AI Chat" */;
			compatibilityVersion = "Xcode 14.0";
			developmentRegion = en;
			hasScannedForEncodings = 0;
			knownRegions = (
				en,
				Base,
			);
			mainGroup = 2FDA4809296D262A0081FE2F;
			packageReferences = (
				2FDA4829296D281A0081FE2F /* XCRemoteSwiftPackageReference "OpenAISwift" */,
			);
			productRefGroup = 2FDA4813296D262A0081FE2F /* Products */;
			projectDirPath = "";
			projectRoot = "";
			targets = (
				2FDA4811296D262A0081FE2F /* AI Chat */,
			);
		};
/* End PBXProject section */

/* Begin PBXResourcesBuildPhase section */
		2FDA4810296D262A0081FE2F /* Resources */ = {
			isa = PBXResourcesBuildPhase;
			buildActionMask = 2147483647;
			files = (
				2FDA4822296D262C0081FE2F /* LaunchScreen.storyboard in Resources */,
				2FDA481F296D262C0081FE2F /* Assets.xcassets in Resources */,
				2FDA481D296D262A0081FE2F /* Main.storyboard in Resources */,
			);
			runOnlyForDeploymentPostprocessing = 0;
		};
/* End PBXResourcesBuildPhase section */

/* Begin PBXSourcesBuildPhase section */
		2FDA480E296D262A0081FE2F /* Sources */ = {
			isa = PBXSourcesBuildPhase;
			buildActionMask = 2147483647;
			files = (
				2FDA481A296D262A0081FE2F /* ViewController.swift in Sources */,
				2FDA4816296D262A0081FE2F /* AppDelegate.swift in Sources */,
				2FDA4818296D262A0081FE2F /* SceneDelegate.swift in Sources */,
				2FDA4831296D2B640081FE2F /* AIHelper.swift in Sources */,
			);
			runOnlyForDeploymentPostprocessing = 0;
		};
/* End PBXSourcesBuildPhase section */

/* Begin PBXVariantGroup section */
		2FDA481B296D262A0081FE2F /* Main.storyboard */ = {
			isa = PBXVariantGroup;
			children = (
				2FDA481C296D262A0081FE2F /* Base */,
			);
			name = Main.storyboard;
			sourceTree = "<group>";
		};
		2FDA4820296D262C0081FE2F /* LaunchScreen.storyboard */ = {
			isa = PBXVariantGroup;
			children = (
				2FDA4821296D262C0081FE2F /* Base */,
			);
			name = LaunchScreen.storyboard;
			sourceTree = "<group>";
		};
/* End PBXVariantGroup section */

/* Begin XCBuildConfiguration section */
		2FDA4824296D262C0081FE2F /* Debug */ = {
			isa = XCBuildConfiguration;
			buildSettings = {
				ALWAYS_SEARCH_USER_PATHS = NO;
				CLANG_ANALYZER_NONNULL = YES;
				CLANG_ANALYZER_NUMBER_OBJECT_CONVERSION = YES_AGGRESSIVE;
				CLANG_CXX_LANGUAGE_STANDARD = "gnu++20";
				CLANG_ENABLE_MODULES = YES;
				CLANG_ENABLE_OBJC_ARC = YES;
				CLANG_ENABLE_OBJC_WEAK = YES;
				CLANG_WARN_BLOCK_CAPTURE_AUTORELEASING = YES;
				CLANG_WARN_BOOL_CONVERSION = YES;
				CLANG_WARN_COMMA = YES;
				CLANG_WARN_CONSTANT_CONVERSION = YES;
				CLANG_WARN_DEPRECATED_OBJC_IMPLEMENTATIONS = YES;
				CLANG_WARN_DIRECT_OBJC_ISA_USAGE = YES_ERROR;
				CLANG_WARN_DOCUMENTATION_COMMENTS = YES;
				CLANG_WARN_EMPTY_BODY = YES;
				CLANG_WARN_ENUM_CONVERSION = YES;
				CLANG_WARN_INFINITE_RECURSION = YES;
				CLANG_WARN_INT_CONVERSION = YES;
				CLANG_WARN_NON_LITERAL_NULL_CONVERSION = YES;
				CLANG_WARN_OBJC_IMPLICIT_RETAIN_SELF = YES;
				CLANG_WARN_OBJC_LITERAL_CONVERSION = YES;
				CLANG_WARN_OBJC_ROOT_CLASS = YES_ERROR;
				CLANG_WARN_QUOTED_INCLUDE_IN_FRAMEWORK_HEADER = YES;
				CLANG_WARN_RANGE_LOOP_ANALYSIS = YES;
				CLANG_WARN_STRICT_PROTOTYPES = YES;
				CLANG_WARN_SUSPICIOUS_MOVE = YES;
				CLANG_WARN_UNGUARDED_AVAILABILITY = YES_AGGRESSIVE;
				CLANG_WARN_UNREACHABLE_CODE = YES;
				CLANG_WARN__DUPLICATE_METHOD_MATCH = YES;
				COPY_PHASE_STRIP = NO;
				DEBUG_INFORMATION_FORMAT = dwarf;
				ENABLE_STRICT_OBJC_MSGSEND = YES;
				ENABLE_TESTABILITY = YES;
				GCC_C_LANGUAGE_STANDARD = gnu11;
				GCC_DYNAMIC_NO_PIC = NO;
				GCC_NO_COMMON_BLOCKS = YES;
				GCC_OPTIMIZATION_LEVEL = 0;
				GCC_PREPROCESSOR_DEFINITIONS = (
					"DEBUG=1",
					"$(inherited)",
				);
				GCC_WARN_64_TO_32_BIT_CONVERSION = YES;
				GCC_WARN_ABOUT_RETURN_TYPE = YES_ERROR;
				GCC_WARN_UNDECLARED_SELECTOR = YES;
				GCC_WARN_UNINITIALIZED_AUTOS = YES_AGGRESSIVE;
				GCC_WARN_UNUSED_FUNCTION = YES;
				GCC_WARN_UNUSED_VARIABLE = YES;
				IPHONEOS_DEPLOYMENT_TARGET = 16.2;
				MTL_ENABLE_DEBUG_INFO = INCLUDE_SOURCE;
				MTL_FAST_MATH = YES;
				ONLY_ACTIVE_ARCH = YES;
				SDKROOT = iphoneos;
				SWIFT_ACTIVE_COMPILATION_CONDITIONS = DEBUG;
				SWIFT_OPTIMIZATION_LEVEL = "-Onone";
			};
			name = Debug;
		};
		2FDA4825296D262C0081FE2F /* Release */ = {
			isa = XCBuildConfiguration;
			buildSettings = {
				ALWAYS_SEARCH_USER_PATHS = NO;
				CLANG_ANALYZER_NONNULL = YES;
				CLANG_ANALYZER_NUMBER_OBJECT_CONVERSION = YES_AGGRESSIVE;
				CLANG_CXX_LANGUAGE_STANDARD = "gnu++20";
				CLANG_ENABLE_MODULES = YES;
				CLANG_ENABLE_OBJC_ARC = YES;
				CLANG_ENABLE_OBJC_WEAK = YES;
				CLANG_WARN_BLOCK_CAPTURE_AUTORELEASING = YES;
				CLANG_WARN_BOOL_CONVERSION = YES;
				CLANG_WARN_COMMA = YES;
				CLANG_WARN_CONSTANT_CONVERSION = YES;
				CLANG_WARN_DEPRECATED_OBJC_IMPLEMENTATIONS = YES;
				CLANG_WARN_DIRECT_OBJC_ISA_USAGE = YES_ERROR;
				CLANG_WARN_DOCUMENTATION_COMMENTS = YES;
				CLANG_WARN_EMPTY_BODY = YES;
				CLANG_WARN_ENUM_CONVERSION = YES;
				CLANG_WARN_INFINITE_RECURSION = YES;
				CLANG_WARN_INT_CONVERSION = YES;
				CLANG_WARN_NON_LITERAL_NULL_CONVERSION = YES;
				CLANG_WARN_OBJC_IMPLICIT_RETAIN_SELF = YES;
				CLANG_WARN_OBJC_LITERAL_CONVERSION = YES;
				CLANG_WARN_OBJC_ROOT_CLASS = YES_ERROR;
				CLANG_WARN_QUOTED_INCLUDE_IN_FRAMEWORK_HEADER = YES;
				CLANG_WARN_RANGE_LOOP_ANALYSIS = YES;
				CLANG_WARN_STRICT_PROTOTYPES = YES;
				CLANG_WARN_SUSPICIOUS_MOVE = YES;
				CLANG_WARN_UNGUARDED_AVAILABILITY = YES_AGGRESSIVE;
				CLANG_WARN_UNREACHABLE_CODE = YES;
				CLANG_WARN__DUPLICATE_METHOD_MATCH = YES;
				COPY_PHASE_STRIP = NO;
				DEBUG_INFORMATION_FORMAT = "dwarf-with-dsym";
				ENABLE_NS_ASSERTIONS = NO;
				ENABLE_STRICT_OBJC_MSGSEND = YES;
				GCC_C_LANGUAGE_STANDARD = gnu11;
				GCC_NO_COMMON_BLOCKS = YES;
				GCC_WARN_64_TO_32_BIT_CONVERSION = YES;
				GCC_WARN_ABOUT_RETURN_TYPE = YES_ERROR;
				GCC_WARN_UNDECLARED_SELECTOR = YES;
				GCC_WARN_UNINITIALIZED_AUTOS = YES_AGGRESSIVE;
				GCC_WARN_UNUSED_FUNCTION = YES;
				GCC_WARN_UNUSED_VARIABLE = YES;
				IPHONEOS_DEPLOYMENT_TARGET = 16.2;
				MTL_ENABLE_DEBUG_INFO = NO;
				MTL_FAST_MATH = YES;
				SDKROOT = iphoneos;
				SWIFT_COMPILATION_MODE = wholemodule;
				SWIFT_OPTIMIZATION_LEVEL = "-O";
				VALIDATE_PRODUCT = YES;
			};
			name = Release;
		};
		2FDA4827296D262C0081FE2F /* Debug */ = {
			isa = XCBuildConfiguration;
			buildSettings = {
				ASSETCATALOG_COMPILER_APPICON_NAME = AppIcon;
				ASSETCATALOG_COMPILER_GLOBAL_ACCENT_COLOR_NAME = AccentColor;
				CODE_SIGN_STYLE = Automatic;
				CURRENT_PROJECT_VERSION = 1;
				DEVELOPMENT_TEAM = F9L4TFU5Q6;
				GENERATE_INFOPLIST_FILE = YES;
				INFOPLIST_FILE = "AI Chat/Info.plist";
				INFOPLIST_KEY_UIApplicationSupportsIndirectInputEvents = YES;
				INFOPLIST_KEY_UILaunchStoryboardName = LaunchScreen;
				INFOPLIST_KEY_UIMainStoryboardFile = Main;
				INFOPLIST_KEY_UISupportedInterfaceOrientations_iPad = "UIInterfaceOrientationPortrait UIInterfaceOrientationPortraitUpsideDown UIInterfaceOrientationLandscapeLeft UIInterfaceOrientationLandscapeRight";
				INFOPLIST_KEY_UISupportedInterfaceOrientations_iPhone = "UIInterfaceOrientationPortrait UIInterfaceOrientationLandscapeLeft UIInterfaceOrientationLandscapeRight";
				LD_RUNPATH_SEARCH_PATHS = (
					"$(inherited)",
					"@executable_path/Frameworks",
				);
				MARKETING_VERSION = 1.0;
				PRODUCT_BUNDLE_IDENTIFIER = "com.g2dev.AI-Chat";
				PRODUCT_NAME = "$(TARGET_NAME)";
				SWIFT_EMIT_LOC_STRINGS = YES;
				SWIFT_VERSION = 5.0;
				TARGETED_DEVICE_FAMILY = "1,2";
			};
			name = Debug;
		};
		2FDA4828296D262C0081FE2F /* Release */ = {
			isa = XCBuildConfiguration;
			buildSettings = {
				ASSETCATALOG_COMPILER_APPICON_NAME = AppIcon;
				ASSETCATALOG_COMPILER_GLOBAL_ACCENT_COLOR_NAME = AccentColor;
				CODE_SIGN_STYLE = Automatic;
				CURRENT_PROJECT_VERSION = 1;
				DEVELOPMENT_TEAM = F9L4TFU5Q6;
				GENERATE_INFOPLIST_FILE = YES;
				INFOPLIST_FILE = "AI Chat/Info.plist";
				INFOPLIST_KEY_UIApplicationSupportsIndirectInputEvents = YES;
				INFOPLIST_KEY_UILaunchStoryboardName = LaunchScreen;
				INFOPLIST_KEY_UIMainStoryboardFile = Main;
				INFOPLIST_KEY_UISupportedInterfaceOrientations_iPad = "UIInterfaceOrientationPortrait UIInterfaceOrientationPortraitUpsideDown UIInterfaceOrientationLandscapeLeft UIInterfaceOrientationLandscapeRight";
				INFOPLIST_KEY_UISupportedInterfaceOrientations_iPhone = "UIInterfaceOrientationPortrait UIInterfaceOrientationLandscapeLeft UIInterfaceOrientationLandscapeRight";
				LD_RUNPATH_SEARCH_PATHS = (
					"$(inherited)",
					"@executable_path/Frameworks",
				);
				MARKETING_VERSION = 1.0;
				PRODUCT_BUNDLE_IDENTIFIER = "com.g2dev.AI-Chat";
				PRODUCT_NAME = "$(TARGET_NAME)";
				SWIFT_EMIT_LOC_STRINGS = YES;
				SWIFT_VERSION = 5.0;
				TARGETED_DEVICE_FAMILY = "1,2";
			};
			name = Release;
		};
/* End XCBuildConfiguration section */

/* Begin XCConfigurationList section */
		2FDA480D296D262A0081FE2F /* Build configuration list for PBXProject "AI Chat" */ = {
			isa = XCConfigurationList;
			buildConfigurations = (
				2FDA4824296D262C0081FE2F /* Debug */,
				2FDA4825296D262C0081FE2F /* Release */,
			);
			defaultConfigurationIsVisible = 0;
			defaultConfigurationName = Release;
		};
		2FDA4826296D262C0081FE2F /* Build configuration list for PBXNativeTarget "AI Chat" */ = {
			isa = XCConfigurationList;
			buildConfigurations = (
				2FDA4827296D262C0081FE2F /* Debug */,
				2FDA4828296D262C0081FE2F /* Release */,
			);
			defaultConfigurationIsVisible = 0;
			defaultConfigurationName = Release;
		};
/* End XCConfigurationList section */

/* Begin XCRemoteSwiftPackageReference section */
		2FDA4829296D281A0081FE2F /* XCRemoteSwiftPackageReference "OpenAISwift" */ = {
			isa = XCRemoteSwiftPackageReference;
			repositoryURL = "https://github.com/adamrushy/OpenAISwift";
			requirement = {
				kind = upToNextMajorVersion;
				minimumVersion = 1.0.0;
			};
		};
/* End XCRemoteSwiftPackageReference section */

/* Begin XCSwiftPackageProductDependency section */
		2FDA482A296D281A0081FE2F /* OpenAISwift */ = {
			isa = XCSwiftPackageProductDependency;
			package = 2FDA4829296D281A0081FE2F /* XCRemoteSwiftPackageReference "OpenAISwift" */;
			productName = OpenAISwift;
		};
/* End XCSwiftPackageProductDependency section */
	};
	rootObject = 2FDA480A296D262A0081FE2F /* Project object */;
}
